// !$*UTF8*$!
{
	archiveVersion = 1;
	classes = {
	};
	objectVersion = 46;
	objects = {

/* Begin PBXBuildFile section */
		C60FA0D01E82E559002E8F73 /* Project2.cpp in Sources */ = {isa = PBXBuildFile; fileRef = C60FA0CF1E82E559002E8F73 /* Project2.cpp */; };
/* End PBXBuildFile section */

/* Begin PBXCopyFilesBuildPhase section */
		C60FA0C01E82E536002E8F73 /* CopyFiles */ = {
			isa = PBXCopyFilesBuildPhase;
			buildActionMask = 2147483647;
			dstPath = /usr/share/man/man1/;
			dstSubfolderSpec = 0;
			files = (
			);
			runOnlyForDeploymentPostprocessing = 1;
		};
/* End PBXCopyFilesBuildPhase section */

/* Begin PBXFileReference section */
		C60FA0C21E82E536002E8F73 /* GroupProjectOS */ = {isa = PBXFileReference; explicitFileType = "compiled.mach-o.executable"; includeInIndex = 0; path = GroupProjectOS; sourceTree = BUILT_PRODUCTS_DIR; };
		C60FA0CC1E82E559002E8F73 /* Data_in.txt */ = {isa = PBXFileReference; fileEncoding = 4; lastKnownFileType = text; name = Data_in.txt; path = ../../Data_in.txt; sourceTree = "<group>"; };
		C60FA0CD1E82E559002E8F73 /* GlobalVariables.h */ = {isa = PBXFileReference; fileEncoding = 4; lastKnownFileType = sourcecode.c.h; name = GlobalVariables.h; path = ../../GlobalVariables.h; sourceTree = "<group>"; };
		C60FA0CE1E82E559002E8F73 /* GroupProjectOS */ = {isa = PBXFileReference; lastKnownFileType = folder; name = GroupProjectOS; sourceTree = SOURCE_ROOT; };
		C60FA0CF1E82E559002E8F73 /* Project2.cpp */ = {isa = PBXFileReference; fileEncoding = 4; lastKnownFileType = sourcecode.cpp.cpp; name = Project2.cpp; path = ../../Project2.cpp; sourceTree = "<group>"; };
/* End PBXFileReference section */

/* Begin PBXFrameworksBuildPhase section */
		C60FA0BF1E82E536002E8F73 /* Frameworks */ = {
			isa = PBXFrameworksBuildPhase;
			buildActionMask = 2147483647;
			files = (
			);
			runOnlyForDeploymentPostprocessing = 0;
		};
/* End PBXFrameworksBuildPhase section */

/* Begin PBXGroup section */
		C60FA0B91E82E536002E8F73 = {
			isa = PBXGroup;
			children = (
				C60FA0C41E82E536002E8F73 /* GroupProjectOS */,
				C60FA0C31E82E536002E8F73 /* Products */,
			);
			sourceTree = "<group>";
		};
		C60FA0C31E82E536002E8F73 /* Products */ = {
			isa = PBXGroup;
			children = (
				C60FA0C21E82E536002E8F73 /* GroupProjectOS */,
			);
			name = Products;
			sourceTree = "<group>";
		};
		C60FA0C41E82E536002E8F73 /* GroupProjectOS */ = {
			isa = PBXGroup;
			children = (
				C60FA0CC1E82E559002E8F73 /* Data_in.txt */,
				C60FA0CD1E82E559002E8F73 /* GlobalVariables.h */,
				C60FA0CE1E82E559002E8F73 /* GroupProjectOS */,
				C60FA0CF1E82E559002E8F73 /* Project2.cpp */,
			);
			path = GroupProjectOS;
			sourceTree = "<group>";
		};
/* End PBXGroup section */

/* Begin PBXNativeTarget section */
		C60FA0C11E82E536002E8F73 /* GroupProjectOS */ = {
			isa = PBXNativeTarget;
			buildConfigurationList = C60FA0C91E82E536002E8F73 /* Build configuration list for PBXNativeTarget "GroupProjectOS" */;
			buildPhases = (
				C60FA0BE1E82E536002E8F73 /* Sources */,
				C60FA0BF1E82E536002E8F73 /* Frameworks */,
				C60FA0C01E82E536002E8F73 /* CopyFiles */,
			);
			buildRules = (
			);
			dependencies = (
			);
			name = GroupProjectOS;
			productName = GroupProjectOS;
			productReference = C60FA0C21E82E536002E8F73 /* GroupProjectOS */;
			productType = "com.apple.product-type.tool";
		};
/* End PBXNativeTarget section */

/* Begin PBXProject section */
		C60FA0BA1E82E536002E8F73 /* Project object */ = {
			isa = PBXProject;
			attributes = {
				LastUpgradeCheck = 0820;
				ORGANIZATIONNAME = Brendan;
				TargetAttributes = {
					C60FA0C11E82E536002E8F73 = {
						CreatedOnToolsVersion = 8.2.1;
						ProvisioningStyle = Automatic;
					};
				};
			};
			buildConfigurationList = C60FA0BD1E82E536002E8F73 /* Build configuration list for PBXProject "GroupProjectOS" */;
			compatibilityVersion = "Xcode 3.2";
			developmentRegion = English;
			hasScannedForEncodings = 0;
			knownRegions = (
				en,
			);
			mainGroup = C60FA0B91E82E536002E8F73;
			productRefGroup = C60FA0C31E82E536002E8F73 /* Products */;
			projectDirPath = "";
			projectRoot = "";
			targets = (
				C60FA0C11E82E536002E8F73 /* GroupProjectOS */,
			);
		};
/* End PBXProject section */

/* Begin PBXSourcesBuildPhase section */
		C60FA0BE1E82E536002E8F73 /* Sources */ = {
			isa = PBXSourcesBuildPhase;
			buildActionMask = 2147483647;
			files = (
				C60FA0D01E82E559002E8F73 /* Project2.cpp in Sources */,
			);
			runOnlyForDeploymentPostprocessing = 0;
		};
/* End PBXSourcesBuildPhase section */

/* Begin XCBuildConfiguration section */
		C60FA0C71E82E536002E8F73 /* Debug */ = {
			isa = XCBuildConfiguration;
			buildSettings = {
				ALWAYS_SEARCH_USER_PATHS = NO;
				CLANG_ANALYZER_NONNULL = YES;
				CLANG_CXX_LANGUAGE_STANDARD = "gnu++0x";
				CLANG_CXX_LIBRARY = "libc++";
				CLANG_ENABLE_MODULES = YES;
				CLANG_ENABLE_OBJC_ARC = YES;
				CLANG_WARN_BOOL_CONVERSION = YES;
				CLANG_WARN_CONSTANT_CONVERSION = YES;
				CLANG_WARN_DIRECT_OBJC_ISA_USAGE = YES_ERROR;
				CLANG_WARN_DOCUMENTATION_COMMENTS = YES;
				CLANG_WARN_EMPTY_BODY = YES;
				CLANG_WARN_ENUM_CONVERSION = YES;
				CLANG_WARN_INFINITE_RECURSION = YES;
				CLANG_WARN_INT_CONVERSION = YES;
				CLANG_WARN_OBJC_ROOT_CLASS = YES_ERROR;
				CLANG_WARN_SUSPICIOUS_MOVE = YES;
				CLANG_WARN_UNREACHABLE_CODE = YES;
				CLANG_WARN__DUPLICATE_METHOD_MATCH = YES;
				CODE_SIGN_IDENTITY = "-";
				COPY_PHASE_STRIP = NO;
				DEBUG_INFORMATION_FORMAT = dwarf;
				ENABLE_STRICT_OBJC_MSGSEND = YES;
				ENABLE_TESTABILITY = YES;
				GCC_C_LANGUAGE_STANDARD = gnu99;
				GCC_DYNAMIC_NO_PIC = NO;
				GCC_NO_COMMON_BLOCKS = YES;
				GCC_OPTIMIZATION_LEVEL = 0;
				GCC_PREPROCESSOR_DEFINITIONS = (
					"DEBUG=1",
					"$(inherited)",
				);
				GCC_WARN_64_TO_32_BIT_CONVERSION = YES;
				GCC_WARN_ABOUT_RETURN_TYPE = YES_ERROR;
				GCC_WARN_UNDECLARED_SELECTOR = YES;
				GCC_WARN_UNINITIALIZED_AUTOS = YES_AGGRESSIVE;
				GCC_WARN_UNUSED_FUNCTION = YES;
				GCC_WARN_UNUSED_VARIABLE = YES;
				MACOSX_DEPLOYMENT_TARGET = 10.12;
				MTL_ENABLE_DEBUG_INFO = YES;
				ONLY_ACTIVE_ARCH = YES;
				SDKROOT = macosx;
			};
			name = Debug;
		};
		C60FA0C81E82E536002E8F73 /* Release */ = {
			isa = XCBuildConfiguration;
			buildSettings = {
				ALWAYS_SEARCH_USER_PATHS = NO;
				CLANG_ANALYZER_NONNULL = YES;
				CLANG_CXX_LANGUAGE_STANDARD = "gnu++0x";
				CLANG_CXX_LIBRARY = "libc++";
				CLANG_ENABLE_MODULES = YES;
				CLANG_ENABLE_OBJC_ARC = YES;
				CLANG_WARN_BOOL_CONVERSION = YES;
				CLANG_WARN_CONSTANT_CONVERSION = YES;
				CLANG_WARN_DIRECT_OBJC_ISA_USAGE = YES_ERROR;
				CLANG_WARN_DOCUMENTATION_COMMENTS = YES;
				CLANG_WARN_EMPTY_BODY = YES;
				CLANG_WARN_ENUM_CONVERSION = YES;
				CLANG_WARN_INFINITE_RECURSION = YES;
				CLANG_WARN_INT_CONVERSION = YES;
				CLANG_WARN_OBJC_ROOT_CLASS = YES_ERROR;
				CLANG_WARN_SUSPICIOUS_MOVE = YES;
				CLANG_WARN_UNREACHABLE_CODE = YES;
				CLANG_WARN__DUPLICATE_METHOD_MATCH = YES;
				CODE_SIGN_IDENTITY = "-";
				COPY_PHASE_STRIP = NO;
				DEBUG_INFORMATION_FORMAT = "dwarf-with-dsym";
				ENABLE_NS_ASSERTIONS = NO;
				ENABLE_STRICT_OBJC_MSGSEND = YES;
				GCC_C_LANGUAGE_STANDARD = gnu99;
				GCC_NO_COMMON_BLOCKS = YES;
				GCC_WARN_64_TO_32_BIT_CONVERSION = YES;
				GCC_WARN_ABOUT_RETURN_TYPE = YES_ERROR;
				GCC_WARN_UNDECLARED_SELECTOR = YES;
				GCC_WARN_UNINITIALIZED_AUTOS = YES_AGGRESSIVE;
				GCC_WARN_UNUSED_FUNCTION = YES;
				GCC_WARN_UNUSED_VARIABLE = YES;
				MACOSX_DEPLOYMENT_TARGET = 10.12;
				MTL_ENABLE_DEBUG_INFO = NO;
				SDKROOT = macosx;
			};
			name = Release;
		};
		C60FA0CA1E82E536002E8F73 /* Debug */ = {
			isa = XCBuildConfiguration;
			buildSettings = {
				PRODUCT_NAME = "$(TARGET_NAME)";
			};
			name = Debug;
		};
		C60FA0CB1E82E536002E8F73 /* Release */ = {
			isa = XCBuildConfiguration;
			buildSettings = {
				PRODUCT_NAME = "$(TARGET_NAME)";
			};
			name = Release;
		};
/* End XCBuildConfiguration section */

/* Begin XCConfigurationList section */
		C60FA0BD1E82E536002E8F73 /* Build configuration list for PBXProject "GroupProjectOS" */ = {
			isa = XCConfigurationList;
			buildConfigurations = (
				C60FA0C71E82E536002E8F73 /* Debug */,
				C60FA0C81E82E536002E8F73 /* Release */,
			);
			defaultConfigurationIsVisible = 0;
			defaultConfigurationName = Release;
		};
		C60FA0C91E82E536002E8F73 /* Build configuration list for PBXNativeTarget "GroupProjectOS" */ = {
			isa = XCConfigurationList;
			buildConfigurations = (
				C60FA0CA1E82E536002E8F73 /* Debug */,
				C60FA0CB1E82E536002E8F73 /* Release */,
			);
			defaultConfigurationIsVisible = 0;
		};
/* End XCConfigurationList section */
	};
	rootObject = C60FA0BA1E82E536002E8F73 /* Project object */;
}
